
Microsoft Visual Studio Solution File, Format Version 12.00
# Visual Studio Version 17
VisualStudioVersion = 17.4.33213.308
MinimumVisualStudioVersion = 10.0.40219.1
Project("{2150E333-8FDC-42A3-9474-1A3956D46DE8}") = "Services", "Services", "{6C6FF29A-0B64-4909-ADCE-3519863B4A9D}"
EndProject
Project("{9A19103F-16F7-4668-BE54-9A1E7A4F7556}") = "Catalog.API", "Services\Catalog.API\Catalog.API.csproj", "{96005058-82C4-4237-9B99-34A4FB567627}"
EndProject
Project("{9A19103F-16F7-4668-BE54-9A1E7A4F7556}") = "Basket.API", "Services\Basket.API\Basket.API.csproj", "{01679157-E7C8-40AE-BF78-6EB58523358A}"
EndProject
Project("{9A19103F-16F7-4668-BE54-9A1E7A4F7556}") = "Discount.API", "Services\Discount.API\Discount.API.csproj", "{57ACAF79-AEC9-4DF5-97D3-A04BDB1F6B79}"
EndProject
Project("{9A19103F-16F7-4668-BE54-9A1E7A4F7556}") = "Discount.Grpc", "Services\Discount.Grpc\Discount.Grpc.csproj", "{798243A1-F569-4B6E-9796-65E6E572F8CA}"
EndProject
Project("{2150E333-8FDC-42A3-9474-1A3956D46DE8}") = "Ordering", "Ordering", "{0B46C40D-BFD5-4E79-91B3-536CEBE505B1}"
EndProject
Project("{9A19103F-16F7-4668-BE54-9A1E7A4F7556}") = "Ordering.API", "Services\Ordering\Ordering.API\Ordering.API.csproj", "{3B49C525-35EE-4B46-AD73-DB228C3D4916}"
EndProject
Project("{9A19103F-16F7-4668-BE54-9A1E7A4F7556}") = "Ordering.Domain", "Services\Ordering\Ordering.Domain\Ordering.Domain.csproj", "{F6C29486-9B83-4F4B-BB6C-30D7D5BD6D9B}"
EndProject
Project("{9A19103F-16F7-4668-BE54-9A1E7A4F7556}") = "Ordering.Application", "Services\Ordering\Ordering.Application\Ordering.Application.csproj", "{93B24A10-02B7-429C-961D-844006A1F59C}"
EndProject
Project("{9A19103F-16F7-4668-BE54-9A1E7A4F7556}") = "Ordering.Infrastructure", "Services\Ordering\Ordering.Infrastructure\Ordering.Infrastructure.csproj", "{13824423-79C8-4F42-8CFB-1EBFE203D4E6}"
EndProject
Project("{2150E333-8FDC-42A3-9474-1A3956D46DE8}") = "BuildingBlocks", "BuildingBlocks", "{FC348193-4892-4D63-AFDA-2E864A6CCCAC}"
EndProject
Project("{FAE04EC0-301F-11D3-BF4B-00C04F79EFBC}") = "EventBus.Messages", "BuildingBlocks\EventBus.Messages\EventBus.Messages.csproj", "{8E98A13E-1C88-4705-9C38-9D96AE583A87}"
EndProject
Global
	GlobalSection(SolutionConfigurationPlatforms) = preSolution
		Debug|Any CPU = Debug|Any CPU
		Release|Any CPU = Release|Any CPU
	EndGlobalSection
	GlobalSection(ProjectConfigurationPlatforms) = postSolution
		{96005058-82C4-4237-9B99-34A4FB567627}.Debug|Any CPU.ActiveCfg = Debug|Any CPU
		{96005058-82C4-4237-9B99-34A4FB567627}.Debug|Any CPU.Build.0 = Debug|Any CPU
		{96005058-82C4-4237-9B99-34A4FB567627}.Release|Any CPU.ActiveCfg = Release|Any CPU
		{96005058-82C4-4237-9B99-34A4FB567627}.Release|Any CPU.Build.0 = Release|Any CPU
		{01679157-E7C8-40AE-BF78-6EB58523358A}.Debug|Any CPU.ActiveCfg = Debug|Any CPU
		{01679157-E7C8-40AE-BF78-6EB58523358A}.Debug|Any CPU.Build.0 = Debug|Any CPU
		{01679157-E7C8-40AE-BF78-6EB58523358A}.Release|Any CPU.ActiveCfg = Release|Any CPU
		{01679157-E7C8-40AE-BF78-6EB58523358A}.Release|Any CPU.Build.0 = Release|Any CPU
		{57ACAF79-AEC9-4DF5-97D3-A04BDB1F6B79}.Debug|Any CPU.ActiveCfg = Debug|Any CPU
		{57ACAF79-AEC9-4DF5-97D3-A04BDB1F6B79}.Debug|Any CPU.Build.0 = Debug|Any CPU
		{57ACAF79-AEC9-4DF5-97D3-A04BDB1F6B79}.Release|Any CPU.ActiveCfg = Release|Any CPU
		{57ACAF79-AEC9-4DF5-97D3-A04BDB1F6B79}.Release|Any CPU.Build.0 = Release|Any CPU
		{798243A1-F569-4B6E-9796-65E6E572F8CA}.Debug|Any CPU.ActiveCfg = Debug|Any CPU
		{798243A1-F569-4B6E-9796-65E6E572F8CA}.Debug|Any CPU.Build.0 = Debug|Any CPU
		{798243A1-F569-4B6E-9796-65E6E572F8CA}.Release|Any CPU.ActiveCfg = Release|Any CPU
		{798243A1-F569-4B6E-9796-65E6E572F8CA}.Release|Any CPU.Build.0 = Release|Any CPU
		{3B49C525-35EE-4B46-AD73-DB228C3D4916}.Debug|Any CPU.ActiveCfg = Debug|Any CPU
		{3B49C525-35EE-4B46-AD73-DB228C3D4916}.Debug|Any CPU.Build.0 = Debug|Any CPU
		{3B49C525-35EE-4B46-AD73-DB228C3D4916}.Release|Any CPU.ActiveCfg = Release|Any CPU
		{3B49C525-35EE-4B46-AD73-DB228C3D4916}.Release|Any CPU.Build.0 = Release|Any CPU
		{F6C29486-9B83-4F4B-BB6C-30D7D5BD6D9B}.Debug|Any CPU.ActiveCfg = Debug|Any CPU
		{F6C29486-9B83-4F4B-BB6C-30D7D5BD6D9B}.Debug|Any CPU.Build.0 = Debug|Any CPU
		{F6C29486-9B83-4F4B-BB6C-30D7D5BD6D9B}.Release|Any CPU.ActiveCfg = Release|Any CPU
		{F6C29486-9B83-4F4B-BB6C-30D7D5BD6D9B}.Release|Any CPU.Build.0 = Release|Any CPU
		{93B24A10-02B7-429C-961D-844006A1F59C}.Debug|Any CPU.ActiveCfg = Debug|Any CPU
		{93B24A10-02B7-429C-961D-844006A1F59C}.Debug|Any CPU.Build.0 = Debug|Any CPU
		{93B24A10-02B7-429C-961D-844006A1F59C}.Release|Any CPU.ActiveCfg = Release|Any CPU
		{93B24A10-02B7-429C-961D-844006A1F59C}.Release|Any CPU.Build.0 = Release|Any CPU
		{13824423-79C8-4F42-8CFB-1EBFE203D4E6}.Debug|Any CPU.ActiveCfg = Debug|Any CPU
		{13824423-79C8-4F42-8CFB-1EBFE203D4E6}.Debug|Any CPU.Build.0 = Debug|Any CPU
		{13824423-79C8-4F42-8CFB-1EBFE203D4E6}.Release|Any CPU.ActiveCfg = Release|Any CPU
		{13824423-79C8-4F42-8CFB-1EBFE203D4E6}.Release|Any CPU.Build.0 = Release|Any CPU
		{8E98A13E-1C88-4705-9C38-9D96AE583A87}.Debug|Any CPU.ActiveCfg = Debug|Any CPU
		{8E98A13E-1C88-4705-9C38-9D96AE583A87}.Debug|Any CPU.Build.0 = Debug|Any CPU
		{8E98A13E-1C88-4705-9C38-9D96AE583A87}.Release|Any CPU.ActiveCfg = Release|Any CPU
		{8E98A13E-1C88-4705-9C38-9D96AE583A87}.Release|Any CPU.Build.0 = Release|Any CPU
	EndGlobalSection
	GlobalSection(SolutionProperties) = preSolution
		HideSolutionNode = FALSE
	EndGlobalSection
	GlobalSection(NestedProjects) = preSolution
		{96005058-82C4-4237-9B99-34A4FB567627} = {6C6FF29A-0B64-4909-ADCE-3519863B4A9D}
		{01679157-E7C8-40AE-BF78-6EB58523358A} = {6C6FF29A-0B64-4909-ADCE-3519863B4A9D}
		{57ACAF79-AEC9-4DF5-97D3-A04BDB1F6B79} = {6C6FF29A-0B64-4909-ADCE-3519863B4A9D}
		{798243A1-F569-4B6E-9796-65E6E572F8CA} = {6C6FF29A-0B64-4909-ADCE-3519863B4A9D}
		{0B46C40D-BFD5-4E79-91B3-536CEBE505B1} = {6C6FF29A-0B64-4909-ADCE-3519863B4A9D}
		{3B49C525-35EE-4B46-AD73-DB228C3D4916} = {0B46C40D-BFD5-4E79-91B3-536CEBE505B1}
		{F6C29486-9B83-4F4B-BB6C-30D7D5BD6D9B} = {0B46C40D-BFD5-4E79-91B3-536CEBE505B1}
		{93B24A10-02B7-429C-961D-844006A1F59C} = {0B46C40D-BFD5-4E79-91B3-536CEBE505B1}
		{13824423-79C8-4F42-8CFB-1EBFE203D4E6} = {0B46C40D-BFD5-4E79-91B3-536CEBE505B1}
		{8E98A13E-1C88-4705-9C38-9D96AE583A87} = {FC348193-4892-4D63-AFDA-2E864A6CCCAC}
	EndGlobalSection
	GlobalSection(ExtensibilityGlobals) = postSolution
		SolutionGuid = {C1D4E8DC-2BF8-4E8E-8F48-B226F1CEC40C}
	EndGlobalSection
EndGlobal
